
Microsoft Visual Studio Solution File, Format Version 12.00
# Visual Studio 15
VisualStudioVersion = 15.0.26730.12
MinimumVisualStudioVersion = 10.0.40219.1
Project("{FAE04EC0-301F-11D3-BF4B-00C04F79EFBC}") = "CarsRUs", "CarsRUs\CarsRUs.csproj", "{D02154E8-3D19-4E28-A02D-1ED4672CA4F3}"
EndProject
Global
	GlobalSection(SolutionConfigurationPlatforms) = preSolution
		Debug|Any CPU = Debug|Any CPU
		Release|Any CPU = Release|Any CPU
	EndGlobalSection
	GlobalSection(ProjectConfigurationPlatforms) = postSolution
		{D02154E8-3D19-4E28-A02D-1ED4672CA4F3}.Debug|Any CPU.ActiveCfg = Debug|Any CPU
		{D02154E8-3D19-4E28-A02D-1ED4672CA4F3}.Debug|Any CPU.Build.0 = Debug|Any CPU
		{D02154E8-3D19-4E28-A02D-1ED4672CA4F3}.Release|Any CPU.ActiveCfg = Release|Any CPU
		{D02154E8-3D19-4E28-A02D-1ED4672CA4F3}.Release|Any CPU.Build.0 = Release|Any CPU
	EndGlobalSection
	GlobalSection(SolutionProperties) = preSolution
		HideSolutionNode = FALSE
	EndGlobalSection
	GlobalSection(ExtensibilityGlobals) = postSolution
		SolutionGuid = {2CEB509B-3EE1-4BE8-A0DB-DE8FC13855B4}
	EndGlobalSection
EndGlobal
